
Microsoft Visual Studio Solution File, Format Version 12.00
# Visual Studio Version 16
VisualStudioVersion = 16.0.28803.352
MinimumVisualStudioVersion = 10.0.40219.1
Project("{FAE04EC0-301F-11D3-BF4B-00C04F79EFBC}") = "SalesWebMVC", "SalesWebMVC\SalesWebMVC.csproj", "{32F74D91-5EF8-4612-84DE-92D8A175C57D}"
EndProject
Global
	GlobalSection(SolutionConfigurationPlatforms) = preSolution
		Debug|Any CPU = Debug|Any CPU
		Release|Any CPU = Release|Any CPU
	EndGlobalSection
	GlobalSection(ProjectConfigurationPlatforms) = postSolution
		{32F74D91-5EF8-4612-84DE-92D8A175C57D}.Debug|Any CPU.ActiveCfg = Debug|Any CPU
		{32F74D91-5EF8-4612-84DE-92D8A175C57D}.Debug|Any CPU.Build.0 = Debug|Any CPU
		{32F74D91-5EF8-4612-84DE-92D8A175C57D}.Release|Any CPU.ActiveCfg = Release|Any CPU
		{32F74D91-5EF8-4612-84DE-92D8A175C57D}.Release|Any CPU.Build.0 = Release|Any CPU
	EndGlobalSection
	GlobalSection(SolutionProperties) = preSolution
		HideSolutionNode = FALSE
	EndGlobalSection
	GlobalSection(ExtensibilityGlobals) = postSolution
		SolutionGuid = {935BEB29-4F35-4C03-BED6-0796740B0419}
	EndGlobalSection
EndGlobal
